
Microsoft Visual Studio Solution File, Format Version 12.00
# Visual Studio Version 17
VisualStudioVersion = 17.4.33110.190
MinimumVisualStudioVersion = 10.0.40219.1
Project("{FAE04EC0-301F-11D3-BF4B-00C04F79EFBC}") = "MyFirstApp", "MyFirstApp.csproj", "{C253D692-77DD-4E8A-AB3E-3E1720E25A15}"
EndProject
Global
	GlobalSection(SolutionConfigurationPlatforms) = preSolution
		Debug|Any CPU = Debug|Any CPU
		Release|Any CPU = Release|Any CPU
	EndGlobalSection
	GlobalSection(ProjectConfigurationPlatforms) = postSolution
		{C253D692-77DD-4E8A-AB3E-3E1720E25A15}.Debug|Any CPU.ActiveCfg = Debug|Any CPU
		{C253D692-77DD-4E8A-AB3E-3E1720E25A15}.Debug|Any CPU.Build.0 = Debug|Any CPU
		{C253D692-77DD-4E8A-AB3E-3E1720E25A15}.Release|Any CPU.ActiveCfg = Release|Any CPU
		{C253D692-77DD-4E8A-AB3E-3E1720E25A15}.Release|Any CPU.Build.0 = Release|Any CPU
	EndGlobalSection
	GlobalSection(SolutionProperties) = preSolution
		HideSolutionNode = FALSE
	EndGlobalSection
	GlobalSection(ExtensibilityGlobals) = postSolution
		SolutionGuid = {508E15E7-A067-4207-A2D7-535EEEC12A0F}
	EndGlobalSection
EndGlobal
